{
  "nodes": {
    "bore-scheduler": {
      "flake": false,
      "locked": {
        "lastModified": 1788885259,
        "narHash": "sha256-MTDDffoe+HpRYFwHPVj6ICWJKGXTpjyP2Ef5hoz3ymY=",
        "owner": "firelzrd",
        "repo": "bore-scheduler",
        "rev": "8fdcbdd4446300f045a509ce23f72269f5ade52b",
        "type": "github"
      },
      "original": {
        "owner": "firelzrd",
        "repo": "bore-scheduler",
        "type": "github"
      }
    },
    "fenix": {
      "inputs": {
        "nixpkgs": [
          "nixpkgs"
        ],
        "rust-analyzer-src": "rust-analyzer-src"
      },
      "locked": {
        "lastModified": 1789208700,
        "narHash": "sha256-bWOgADrzv4cPoKhdHZxxjEHxNWfdNJOKLy9DuMYDaUQ=",
        "owner": "nix-community",
        "repo": "fenix",
        "rev": "17757a67ed6621e70efc4271258825f34ee8409e",
        "type": "github"
      },
      "original": {
        "owner": "nix-community",
        "repo": "fenix",
        "type": "github"
      }
    },
    "flake-compat": {
      "locked": {
        "lastModified": 1767039857,
        "narHash": "sha256-vNpUSpF5Nuw8xvDLj2KCwwksIbjua2LZCqhV1LNRDns=",
        "owner": "NixOS",
        "repo": "flake-compat",
        "rev": "5edf11c44bc78a0d334f6334cdaf7d60d732daab",
        "type": "github"
      },
      "original": {
        "owner": "NixOS",
        "repo": "flake-compat",
        "type": "github"
      }
    },
    "flake-parts": {
      "inputs": {
        "nixpkgs-lib": [
          "nixpkgs"
        ]
      },
      "locked": {
        "lastModified": 1788450739,
        "narHash": "sha256-glZLQlzIn1fXH6PazR2iUmTo7kzzyYSshrWhLS9TqCU=",
        "owner": "hercules-ci",
        "repo": "flake-parts",
        "rev": "31729ca8cbdb4fa927b34e5f4353e6a83f39e993",
        "type": "github"
      },
      "original": {
        "owner": "hercules-ci",
        "repo": "flake-parts",
        "type": "github"
      }
    },
    "helix": {
      "inputs": {
        "nixpkgs": [
          "nixpkgs"
        ],
        "rust-overlay": [
          "rust"
        ]
      },
      "locked": {
        "lastModified": 1784822617,
        "narHash": "sha256-IYDL6Vnf13Sa+wbeXZTAxvdLA4h8Ew5ha0spcJy/Yk0=",
        "owner": "helix-editor",
        "repo": "helix",
        "rev": "079a789e8cb08ead67f19e1971a1b7438b37354b",
        "type": "github"
      },
      "original": {
        "owner": "helix-editor",
        "repo": "helix",
        "type": "github"
      }
    },
    "home-manager": {
      "inputs": {
        "nixpkgs": [
          "nixpkgs"
        ]
      },
      "locked": {
        "lastModified": 1789183968,
        "narHash": "sha256-pEWnYdIF1pBMZwarp/rEPzl+Lknhm5hhjSfeLxH8nAA=",
        "owner": "nix-community",
        "repo": "home-manager",
        "rev": "cd1c9e552f41894aeb5cc5cb353d5a1d61550357",
        "type": "github"
      },
      "original": {
        "owner": "nix-community",
        "repo": "home-manager",
        "type": "github"
      }
    },
    "niri-sticky-window": {
      "flake": false,
      "locked": {
        "lastModified": 1781636717,
        "narHash": "sha256-+Epnq84XhfrBZ4BrolHGkBQ5ISm4AOsHY7awjopZAEI=",
        "owner": "KirilMihaylov",
        "repo": "niri-sticky-window",
        "rev": "8127f67392039fa4db9ae51cefcd502cec3ef84e",
        "type": "github"
      },
      "original": {
        "owner": "KirilMihaylov",
        "repo": "niri-sticky-window",
        "type": "github"
      }
    },
    "nixos-hardware": {
      "inputs": {
        "nixpkgs": [
          "nixpkgs"
        ]
      },
      "locked": {
        "lastModified": 1789127271,
        "narHash": "sha256-vL/Fpo7Zxa7wvO8V5FAToUBvP+K3XsMB1wUglTtd/J0=",
        "owner": "NixOS",
        "repo": "nixos-hardware",
        "rev": "24cfdc1f9344b90a1eee329a3906e2f39f4d0f1e",
        "type": "github"
      },
      "original": {
        "owner": "NixOS",
        "repo": "nixos-hardware",
        "type": "github"
      }
    },
    "nixpkgs": {
      "locked": {
        "lastModified": 1789006805,
        "narHash": "sha256-xB8mKMOx1IA9vTDNLmJZ6n4wCMq/cuWBBOzGCRnqxrU=",
        "owner": "NixOS",
        "repo": "nixpkgs",
        "rev": "8ce4ef6cb6f871616146b9fe26d2a5ae594e94fe",
        "type": "github"
      },
      "original": {
        "owner": "NixOS",
        "ref": "nixos-unstable",
        "repo": "nixpkgs",
        "type": "github"
      }
    },
    "root": {
      "inputs": {
        "bore-scheduler": "bore-scheduler",
        "fenix": "fenix",
        "flake-compat": "flake-compat",
        "flake-parts": "flake-parts",
        "helix": "helix",
        "home-manager": "home-manager",
        "niri-sticky-window": "niri-sticky-window",
        "nixos-hardware": "nixos-hardware",
        "nixpkgs": "nixpkgs",
        "rust": "rust"
      }
    },
    "rust": {
      "inputs": {
        "nixpkgs": [
          "nixpkgs"
        ]
      },
      "locked": {
        "lastModified": 1789196581,
        "narHash": "sha256-yJr1Bt4fKkKIpPYbsKGqJ0VFdoDnURgRwuffmBQ2WzY=",
        "owner": "oxalica",
        "repo": "rust-overlay",
        "rev": "228ecefb6329d5a531b77b46b581a2f0c26ee056",
        "type": "github"
      },
      "original": {
        "owner": "oxalica",
        "repo": "rust-overlay",
        "type": "github"
      }
    },
    "rust-analyzer-src": {
      "flake": false,
      "locked": {
        "lastModified": 1789128286,
        "narHash": "sha256-KRxxgHiKIBp7R2n41IJuE5K4IUiLOpg47EEi3AxuSp8=",
        "owner": "rust-lang",
        "repo": "rust-analyzer",
        "rev": "6aeeb8cf02741e5da07a1615a05faa506cecb21a",
        "type": "github"
      },
      "original": {
        "owner": "rust-lang",
        "ref": "nightly",
        "repo": "rust-analyzer",
        "type": "github"
      }
    }
  },
  "root": "root",
  "version": 7
}
